// !$*UTF8*$!
{
	archiveVersion = 1;
	classes = {
	};
	objectVersion = 50;
	objects = {

/* Begin PBXBuildFile section */
		42A08C7F1EF63C27FCA0E47D /* Pods_Liftr2UITests.framework in Frameworks */ = {isa = PBXBuildFile; fileRef = EAF43B910DBABA803897DBF5 /* Pods_Liftr2UITests.framework */; };
		48FED7F5206517A389D0EDA2 /* Pods_Liftr2Tests.framework in Frameworks */ = {isa = PBXBuildFile; fileRef = 8777D7821B023B83827A56B2 /* Pods_Liftr2Tests.framework */; };
		B304F4A62079641D007D9F8D /* CoreLocation.framework in Frameworks */ = {isa = PBXBuildFile; fileRef = B304F4A52079641D007D9F8D /* CoreLocation.framework */; };
		B304F4A82079649B007D9F8D /* MapMeViewController.swift in Sources */ = {isa = PBXBuildFile; fileRef = B304F4A72079649B007D9F8D /* MapMeViewController.swift */; };
		B306E53F20567F0E006C1E77 /* ChallengeViewController.swift in Sources */ = {isa = PBXBuildFile; fileRef = B306E53E20567F0E006C1E77 /* ChallengeViewController.swift */; };
		B306E54120568113006C1E77 /* Challenge2ViewController.swift in Sources */ = {isa = PBXBuildFile; fileRef = B306E54020568113006C1E77 /* Challenge2ViewController.swift */; };
		B31CD2992068F1F900734B7C /* PopUpViewController.swift in Sources */ = {isa = PBXBuildFile; fileRef = B31CD2982068F1F900734B7C /* PopUpViewController.swift */; };
		B3230206202EE95E008DF62D /* SignUpViewController.swift in Sources */ = {isa = PBXBuildFile; fileRef = B3230205202EE95E008DF62D /* SignUpViewController.swift */; };
		B3230208202EF7C0008DF62D /* ProfileViewController.swift in Sources */ = {isa = PBXBuildFile; fileRef = B3230207202EF7C0008DF62D /* ProfileViewController.swift */; };
		B326DFA820A35A9500DE6F75 /* BMIViewController.swift in Sources */ = {isa = PBXBuildFile; fileRef = B326DFA720A35A9500DE6F75 /* BMIViewController.swift */; };
		B326DFAA20A35ABE00DE6F75 /* BodyFatViewController.swift in Sources */ = {isa = PBXBuildFile; fileRef = B326DFA920A35ABE00DE6F75 /* BodyFatViewController.swift */; };
		B326DFAC20A35AD700DE6F75 /* StepKcalViewController.swift in Sources */ = {isa = PBXBuildFile; fileRef = B326DFAB20A35AD700DE6F75 /* StepKcalViewController.swift */; };
		B326DFAE20A35B6C00DE6F75 /* Calc.swift in Sources */ = {isa = PBXBuildFile; fileRef = B326DFAD20A35B6C00DE6F75 /* Calc.swift */; };
		B326DFB020A35FAE00DE6F75 /* CalcCell.swift in Sources */ = {isa = PBXBuildFile; fileRef = B326DFAF20A35FAE00DE6F75 /* CalcCell.swift */; };
		B327C4FD207A4A2F007206CF /* ScaleSegue.swift in Sources */ = {isa = PBXBuildFile; fileRef = B327C4FC207A4A2F007206CF /* ScaleSegue.swift */; };
		B3291BED2090644200E49766 /* Steps.swift in Sources */ = {isa = PBXBuildFile; fileRef = B3291BEC2090644200E49766 /* Steps.swift */; };
		B32BDAA9209C6E5E0079B60E /* CalculatorViewController.swift in Sources */ = {isa = PBXBuildFile; fileRef = B32BDAA8209C6E5E0079B60E /* CalculatorViewController.swift */; };
		B33DE5FD208FB84600DA130A /* Measurement.swift in Sources */ = {isa = PBXBuildFile; fileRef = B33DE5FC208FB84500DA130A /* Measurement.swift */; };
		B33DE5FF208FBE6100DA130A /* Workout.swift in Sources */ = {isa = PBXBuildFile; fileRef = B33DE5FE208FBE6100DA130A /* Workout.swift */; };
		B33DE601208FD6A600DA130A /* Notes.swift in Sources */ = {isa = PBXBuildFile; fileRef = B33DE600208FD6A600DA130A /* Notes.swift */; };
		B33DE603208FE0A600DA130A /* Exercises.swift in Sources */ = {isa = PBXBuildFile; fileRef = B33DE602208FE0A600DA130A /* Exercises.swift */; };
		B33FEE9420867E6500D48DAE /* ChangeExperienceViewController.swift in Sources */ = {isa = PBXBuildFile; fileRef = B33FEE9320867E6500D48DAE /* ChangeExperienceViewController.swift */; };
		B3481CA7202AF0C90097101C /* AppDelegate.swift in Sources */ = {isa = PBXBuildFile; fileRef = B3481CA6202AF0C90097101C /* AppDelegate.swift */; };
		B3481CAC202AF0CA0097101C /* Tab Bar.storyboard in Resources */ = {isa = PBXBuildFile; fileRef = B3481CAA202AF0CA0097101C /* Tab Bar.storyboard */; };
		B3481CAF202AF0CA0097101C /* Liftr2.xcdatamodeld in Sources */ = {isa = PBXBuildFile; fileRef = B3481CAD202AF0CA0097101C /* Liftr2.xcdatamodeld */; };
		B3481CB1202AF0CA0097101C /* Assets.xcassets in Resources */ = {isa = PBXBuildFile; fileRef = B3481CB0202AF0CA0097101C /* Assets.xcassets */; };
		B3481CBF202AF0CA0097101C /* Liftr2Tests.swift in Sources */ = {isa = PBXBuildFile; fileRef = B3481CBE202AF0CA0097101C /* Liftr2Tests.swift */; };
		B3481CCA202AF0CA0097101C /* Liftr2UITests.swift in Sources */ = {isa = PBXBuildFile; fileRef = B3481CC9202AF0CA0097101C /* Liftr2UITests.swift */; };
		B3485E3E20518DCE0097AB4C /* GoogleService-Info.plist in Resources */ = {isa = PBXBuildFile; fileRef = B3485E3D20518DCE0097AB4C /* GoogleService-Info.plist */; };
		B35A2182204F1DBD00759F23 /* Video.mp4 in Resources */ = {isa = PBXBuildFile; fileRef = B35A2181204F1DBC00759F23 /* Video.mp4 */; };
		B363D739203F407700E2A137 /* QuartzCore.framework in Frameworks */ = {isa = PBXBuildFile; fileRef = B363D738203F407700E2A137 /* QuartzCore.framework */; };
		B366D5972055461900BBB7D1 /* Chin Up.jpg in Resources */ = {isa = PBXBuildFile; fileRef = B366D5962055461800BBB7D1 /* Chin Up.jpg */; };
		B384594C203A23C200787335 /* ExercisesViewController.swift in Sources */ = {isa = PBXBuildFile; fileRef = B384594B203A23C200787335 /* ExercisesViewController.swift */; };
		B387D9DE20401C770003EC01 /* CoreGraphics.framework in Frameworks */ = {isa = PBXBuildFile; fileRef = B387D9DD20401C770003EC01 /* CoreGraphics.framework */; };
		B38D406C206BA0DA00180841 /* AVFoundation.framework in Frameworks */ = {isa = PBXBuildFile; fileRef = B3692DA7202F6A7E00408D27 /* AVFoundation.framework */; };
		B38E90FA2077BBDA00D00932 /* RAMAnimatedTabBarController.swift in Sources */ = {isa = PBXBuildFile; fileRef = B38E90EB2077BBDA00D00932 /* RAMAnimatedTabBarController.swift */; };
		B38E90FB2077BBDA00D00932 /* RAMBadge.swift in Sources */ = {isa = PBXBuildFile; fileRef = B38E90ED2077BBDA00D00932 /* RAMBadge.swift */; };
		B38E90FC2077BBDA00D00932 /* RAMItemAnimationProtocol.swift in Sources */ = {isa = PBXBuildFile; fileRef = B38E90EE2077BBDA00D00932 /* RAMItemAnimationProtocol.swift */; };
		B38E90FD2077BBDA00D00932 /* RAMFumeAnimation.swift in Sources */ = {isa = PBXBuildFile; fileRef = B38E90F12077BBDA00D00932 /* RAMFumeAnimation.swift */; };
		B38E90FE2077BBDA00D00932 /* RAMFrameItemAnimation.swift in Sources */ = {isa = PBXBuildFile; fileRef = B38E90F32077BBDA00D00932 /* RAMFrameItemAnimation.swift */; };
		B38E90FF2077BBDA00D00932 /* RAMTransitionItemAnimations.swift in Sources */ = {isa = PBXBuildFile; fileRef = B38E90F52077BBDA00D00932 /* RAMTransitionItemAnimations.swift */; };
		B38E91002077BBDA00D00932 /* RAMRotationAnimation.swift in Sources */ = {isa = PBXBuildFile; fileRef = B38E90F72077BBDA00D00932 /* RAMRotationAnimation.swift */; };
		B38E91012077BBDA00D00932 /* RAMBounceAnimation.swift in Sources */ = {isa = PBXBuildFile; fileRef = B38E90F92077BBDA00D00932 /* RAMBounceAnimation.swift */; };
		B396F33720513C2800B0340F /* WorkoutNotes1ViewController.swift in Sources */ = {isa = PBXBuildFile; fileRef = B396F33620513C2800B0340F /* WorkoutNotes1ViewController.swift */; };
		B39AC8A8205003AC003D4CA9 /* SignInViewController.swift in Sources */ = {isa = PBXBuildFile; fileRef = B39AC8A7205003AC003D4CA9 /* SignInViewController.swift */; };
		B3A69655208740CE0010B2C7 /* PedometerTableViewController.swift in Sources */ = {isa = PBXBuildFile; fileRef = B39E1C4D207D264500D52207 /* PedometerTableViewController.swift */; };
		B3A844A820402AF6003E9CD6 /* MeasurementsViewController.swift in Sources */ = {isa = PBXBuildFile; fileRef = B3A844A720402AF6003E9CD6 /* MeasurementsViewController.swift */; };
		B3A96394202E1FCF00FC9292 /* WelcomeViewController.swift in Sources */ = {isa = PBXBuildFile; fileRef = B3A96393202E1FCF00FC9292 /* WelcomeViewController.swift */; };
		B3B7CE8720789CB000873D04 /* LaunchViewController.swift in Sources */ = {isa = PBXBuildFile; fileRef = B3B7CE8620789CAF00873D04 /* LaunchViewController.swift */; };
		B3BCB51D202DB95100A0BA73 /* Images in Resources */ = {isa = PBXBuildFile; fileRef = B3BCB51C202DB95100A0BA73 /* Images */; };
		B3C4EDC8205536F800D009AC /* Press Up.jpg in Resources */ = {isa = PBXBuildFile; fileRef = B3C4EDC7205536F800D009AC /* Press Up.jpg */; };
		B3C4EDCA205536FF00D009AC /* Squat.jpg in Resources */ = {isa = PBXBuildFile; fileRef = B3C4EDC9205536FE00D009AC /* Squat.jpg */; };
		B3C82AA9203A370900B10AC9 /* Exercises2ViewController.swift in Sources */ = {isa = PBXBuildFile; fileRef = B3C82AA8203A370900B10AC9 /* Exercises2ViewController.swift */; };
		B3C88EEA2041708B000943D8 /* Launch Screen.storyboard in Resources */ = {isa = PBXBuildFile; fileRef = B3C88EE92041708B000943D8 /* Launch Screen.storyboard */; };
		B3CEEF0D2054546300F1921B /* HeightViewController.swift in Sources */ = {isa = PBXBuildFile; fileRef = B3CEEF0C2054546300F1921B /* HeightViewController.swift */; };
		B3CEEF132054793F00F1921B /* WorkoutNotes2ViewController.swift in Sources */ = {isa = PBXBuildFile; fileRef = B3CEEF122054793F00F1921B /* WorkoutNotes2ViewController.swift */; };
		B3CEEF152054798500F1921B /* WorkoutNotes3ViewController.swift in Sources */ = {isa = PBXBuildFile; fileRef = B3CEEF142054798500F1921B /* WorkoutNotes3ViewController.swift */; };
		B3CEEF19205479BB00F1921B /* WeightViewController.swift in Sources */ = {isa = PBXBuildFile; fileRef = B3CEEF18205479BB00F1921B /* WeightViewController.swift */; };
		B3CEEF1B205479C700F1921B /* WaistViewController.swift in Sources */ = {isa = PBXBuildFile; fileRef = B3CEEF1A205479C700F1921B /* WaistViewController.swift */; };
		B3CEEF1D205479D400F1921B /* ChestViewController.swift in Sources */ = {isa = PBXBuildFile; fileRef = B3CEEF1C205479D400F1921B /* ChestViewController.swift */; };
		B3CEEF1F205479EC00F1921B /* BicepViewController.swift in Sources */ = {isa = PBXBuildFile; fileRef = B3CEEF1E205479EC00F1921B /* BicepViewController.swift */; };
		B3CEEF21205479F900F1921B /* ShouldersViewController.swift in Sources */ = {isa = PBXBuildFile; fileRef = B3CEEF20205479F900F1921B /* ShouldersViewController.swift */; };
		B3CEEF2320547A0400F1921B /* HipsViewController.swift in Sources */ = {isa = PBXBuildFile; fileRef = B3CEEF2220547A0400F1921B /* HipsViewController.swift */; };
		B3CEEF2520547A1500F1921B /* GlutesViewController.swift in Sources */ = {isa = PBXBuildFile; fileRef = B3CEEF2420547A1500F1921B /* GlutesViewController.swift */; };
		B3CEEF2720547A2500F1921B /* ThighViewController.swift in Sources */ = {isa = PBXBuildFile; fileRef = B3CEEF2620547A2500F1921B /* ThighViewController.swift */; };
		B3CEEF2B20547A4500F1921B /* CalfViewController.swift in Sources */ = {isa = PBXBuildFile; fileRef = B3CEEF2A20547A4500F1921B /* CalfViewController.swift */; };
		B3CEEF2F20548ABC00F1921B /* ForgottenViewController.swift in Sources */ = {isa = PBXBuildFile; fileRef = B3CEEF2E20548ABC00F1921B /* ForgottenViewController.swift */; };
		B3D2A1FB20838B1400FC51DE /* Stopwatch.swift in Sources */ = {isa = PBXBuildFile; fileRef = B3D2A1FA20838B1400FC51DE /* Stopwatch.swift */; };
		B3D2A1FD2083C5CD00FC51DE /* Notes1TableViewController.swift in Sources */ = {isa = PBXBuildFile; fileRef = B3D2A1FC2083C5CD00FC51DE /* Notes1TableViewController.swift */; };
		B3D8A1AD205FFA71008B4FC5 /* Measurements.storyboard in Resources */ = {isa = PBXBuildFile; fileRef = B3D8A1AC205FFA52008B4FC5 /* Measurements.storyboard */; };
		B3D8A1B020600172008B4FC5 /* Challange.storyboard in Resources */ = {isa = PBXBuildFile; fileRef = B3D8A1AA205FFA51008B4FC5 /* Challange.storyboard */; };
		B3D8A1B12060032C008B4FC5 /* Notes.storyboard in Resources */ = {isa = PBXBuildFile; fileRef = B3D8A1AB205FFA51008B4FC5 /* Notes.storyboard */; };
		B3DB13422057D1A800330BEC /* RewardsViewController.swift in Sources */ = {isa = PBXBuildFile; fileRef = B3DB13412057D1A800330BEC /* RewardsViewController.swift */; };
		B3E4A813205274EC000C650E /* PedometerViewController.swift in Sources */ = {isa = PBXBuildFile; fileRef = B3E4A812205274EC000C650E /* PedometerViewController.swift */; };
		CBB276DB219A2902BDC81727 /* Pods_Liftr2.framework in Frameworks */ = {isa = PBXBuildFile; fileRef = 586643DFCE9E1DE387407831 /* Pods_Liftr2.framework */; };
/* End PBXBuildFile section */

/* Begin PBXContainerItemProxy section */
		B3481CBB202AF0CA0097101C /* PBXContainerItemProxy */ = {
			isa = PBXContainerItemProxy;
			containerPortal = B3481C9B202AF0C90097101C /* Project object */;
			proxyType = 1;
			remoteGlobalIDString = B3481CA2202AF0C90097101C;
			remoteInfo = Liftr2;
		};
		B3481CC6202AF0CA0097101C /* PBXContainerItemProxy */ = {
			isa = PBXContainerItemProxy;
			containerPortal = B3481C9B202AF0C90097101C /* Project object */;
			proxyType = 1;
			remoteGlobalIDString = B3481CA2202AF0C90097101C;
			remoteInfo = Liftr2;
		};
/* End PBXContainerItemProxy section */

/* Begin PBXFileReference section */
		03EA55D8C8FCA310E2E746F6 /* Pods-Liftr2.release.xcconfig */ = {isa = PBXFileReference; includeInIndex = 1; lastKnownFileType = text.xcconfig; name = "Pods-Liftr2.release.xcconfig"; path = "Pods/Target Support Files/Pods-Liftr2/Pods-Liftr2.release.xcconfig"; sourceTree = "<group>"; };
		4846002CF0B5FEC3EABF421E /* Pods-Liftr2UITests.release.xcconfig */ = {isa = PBXFileReference; includeInIndex = 1; lastKnownFileType = text.xcconfig; name = "Pods-Liftr2UITests.release.xcconfig"; path = "Pods/Target Support Files/Pods-Liftr2UITests/Pods-Liftr2UITests.release.xcconfig"; sourceTree = "<group>"; };
		586643DFCE9E1DE387407831 /* Pods_Liftr2.framework */ = {isa = PBXFileReference; explicitFileType = wrapper.framework; includeInIndex = 0; path = Pods_Liftr2.framework; sourceTree = BUILT_PRODUCTS_DIR; };
		5F0294E65F31DF02D17BB51A /* Pods-Liftr2UITests.debug.xcconfig */ = {isa = PBXFileReference; includeInIndex = 1; lastKnownFileType = text.xcconfig; name = "Pods-Liftr2UITests.debug.xcconfig"; path = "Pods/Target Support Files/Pods-Liftr2UITests/Pods-Liftr2UITests.debug.xcconfig"; sourceTree = "<group>"; };
		6B3ACACF529E3BAC57CD50DB /* Pods-Liftr2Tests.release.xcconfig */ = {isa = PBXFileReference; includeInIndex = 1; lastKnownFileType = text.xcconfig; name = "Pods-Liftr2Tests.release.xcconfig"; path = "Pods/Target Support Files/Pods-Liftr2Tests/Pods-Liftr2Tests.release.xcconfig"; sourceTree = "<group>"; };
		8777D7821B023B83827A56B2 /* Pods_Liftr2Tests.framework */ = {isa = PBXFileReference; explicitFileType = wrapper.framework; includeInIndex = 0; path = Pods_Liftr2Tests.framework; sourceTree = BUILT_PRODUCTS_DIR; };
		968C48DAB6DF32E71A2058F9 /* Pods-Liftr2.debug.xcconfig */ = {isa = PBXFileReference; includeInIndex = 1; lastKnownFileType = text.xcconfig; name = "Pods-Liftr2.debug.xcconfig"; path = "Pods/Target Support Files/Pods-Liftr2/Pods-Liftr2.debug.xcconfig"; sourceTree = "<group>"; };
		B304F4A52079641D007D9F8D /* CoreLocation.framework */ = {isa = PBXFileReference; lastKnownFileType = wrapper.framework; name = CoreLocation.framework; path = System/Library/Frameworks/CoreLocation.framework; sourceTree = SDKROOT; };
		B304F4A72079649B007D9F8D /* MapMeViewController.swift */ = {isa = PBXFileReference; lastKnownFileType = sourcecode.swift; path = MapMeViewController.swift; sourceTree = "<group>"; };
		B306E53E20567F0E006C1E77 /* ChallengeViewController.swift */ = {isa = PBXFileReference; lastKnownFileType = sourcecode.swift; path = ChallengeViewController.swift; sourceTree = "<group>"; };
		B306E54020568113006C1E77 /* Challenge2ViewController.swift */ = {isa = PBXFileReference; lastKnownFileType = sourcecode.swift; path = Challenge2ViewController.swift; sourceTree = "<group>"; };
		B31CD2982068F1F900734B7C /* PopUpViewController.swift */ = {isa = PBXFileReference; lastKnownFileType = sourcecode.swift; path = PopUpViewController.swift; sourceTree = "<group>"; };
		B3230205202EE95E008DF62D /* SignUpViewController.swift */ = {isa = PBXFileReference; lastKnownFileType = sourcecode.swift; path = SignUpViewController.swift; sourceTree = "<group>"; };
		B3230207202EF7C0008DF62D /* ProfileViewController.swift */ = {isa = PBXFileReference; lastKnownFileType = sourcecode.swift; path = ProfileViewController.swift; sourceTree = "<group>"; };
		B326DFA720A35A9500DE6F75 /* BMIViewController.swift */ = {isa = PBXFileReference; lastKnownFileType = sourcecode.swift; name = BMIViewController.swift; path = /Users/Connor/Documents/Liftr/Liftr2/Liftr2/Measurements/BMIViewController.swift; sourceTree = "<absolute>"; };
		B326DFA920A35ABE00DE6F75 /* BodyFatViewController.swift */ = {isa = PBXFileReference; lastKnownFileType = sourcecode.swift; path = BodyFatViewController.swift; sourceTree = "<group>"; };
		B326DFAB20A35AD700DE6F75 /* StepKcalViewController.swift */ = {isa = PBXFileReference; lastKnownFileType = sourcecode.swift; path = StepKcalViewController.swift; sourceTree = "<group>"; };
		B326DFAD20A35B6C00DE6F75 /* Calc.swift */ = {isa = PBXFileReference; lastKnownFileType = sourcecode.swift; path = Calc.swift; sourceTree = "<group>"; };
		B326DFAF20A35FAE00DE6F75 /* CalcCell.swift */ = {isa = PBXFileReference; lastKnownFileType = sourcecode.swift; name = CalcCell.swift; path = Liftr2/Measurements/CalcCell.swift; sourceTree = SOURCE_ROOT; };
		B327C4FC207A4A2F007206CF /* ScaleSegue.swift */ = {isa = PBXFileReference; lastKnownFileType = sourcecode.swift; path = ScaleSegue.swift; sourceTree = "<group>"; };
		B3291BEC2090644200E49766 /* Steps.swift */ = {isa = PBXFileReference; lastKnownFileType = sourcecode.swift; path = Steps.swift; sourceTree = "<group>"; };
		B32BDAA6209C66E20079B60E /* MarqueeLabel.framework */ = {isa = PBXFileReference; explicitFileType = wrapper.framework; path = MarqueeLabel.framework; sourceTree = BUILT_PRODUCTS_DIR; };
		B32BDAA8209C6E5E0079B60E /* CalculatorViewController.swift */ = {isa = PBXFileReference; lastKnownFileType = sourcecode.swift; path = CalculatorViewController.swift; sourceTree = "<group>"; };
		B33DE5FC208FB84500DA130A /* Measurement.swift */ = {isa = PBXFileReference; lastKnownFileType = sourcecode.swift; path = Measurement.swift; sourceTree = "<group>"; };
		B33DE5FE208FBE6100DA130A /* Workout.swift */ = {isa = PBXFileReference; lastKnownFileType = sourcecode.swift; path = Workout.swift; sourceTree = "<group>"; };
		B33DE600208FD6A600DA130A /* Notes.swift */ = {isa = PBXFileReference; lastKnownFileType = sourcecode.swift; path = Notes.swift; sourceTree = "<group>"; };
		B33DE602208FE0A600DA130A /* Exercises.swift */ = {isa = PBXFileReference; lastKnownFileType = sourcecode.swift; path = Exercises.swift; sourceTree = "<group>"; };
		B33FEE9320867E6500D48DAE /* ChangeExperienceViewController.swift */ = {isa = PBXFileReference; lastKnownFileType = sourcecode.swift; path = ChangeExperienceViewController.swift; sourceTree = "<group>"; };
		B3481CA3202AF0C90097101C /* Liftr2.app */ = {isa = PBXFileReference; explicitFileType = wrapper.application; includeInIndex = 0; path = Liftr2.app; sourceTree = BUILT_PRODUCTS_DIR; };
		B3481CA6202AF0C90097101C /* AppDelegate.swift */ = {isa = PBXFileReference; lastKnownFileType = sourcecode.swift; path = AppDelegate.swift; sourceTree = "<group>"; };
		B3481CAB202AF0CA0097101C /* Base */ = {isa = PBXFileReference; lastKnownFileType = file.storyboard; name = Base; path = "Base.lproj/Tab Bar.storyboard"; sourceTree = "<group>"; };
		B3481CAE202AF0CA0097101C /* Liftr2.xcdatamodel */ = {isa = PBXFileReference; lastKnownFileType = wrapper.xcdatamodel; path = Liftr2.xcdatamodel; sourceTree = "<group>"; };
		B3481CB0202AF0CA0097101C /* Assets.xcassets */ = {isa = PBXFileReference; lastKnownFileType = folder.assetcatalog; path = Assets.xcassets; sourceTree = "<group>"; };
		B3481CB5202AF0CA0097101C /* Info.plist */ = {isa = PBXFileReference; lastKnownFileType = text.plist.xml; path = Info.plist; sourceTree = "<group>"; };
		B3481CBA202AF0CA0097101C /* Liftr2Tests.xctest */ = {isa = PBXFileReference; explicitFileType = wrapper.cfbundle; includeInIndex = 0; path = Liftr2Tests.xctest; sourceTree = BUILT_PRODUCTS_DIR; };
		B3481CBE202AF0CA0097101C /* Liftr2Tests.swift */ = {isa = PBXFileReference; lastKnownFileType = sourcecode.swift; path = Liftr2Tests.swift; sourceTree = "<group>"; };
		B3481CC0202AF0CA0097101C /* Info.plist */ = {isa = PBXFileReference; lastKnownFileType = text.plist.xml; path = Info.plist; sourceTree = "<group>"; };
		B3481CC5202AF0CA0097101C /* Liftr2UITests.xctest */ = {isa = PBXFileReference; explicitFileType = wrapper.cfbundle; includeInIndex = 0; path = Liftr2UITests.xctest; sourceTree = BUILT_PRODUCTS_DIR; };
		B3481CC9202AF0CA0097101C /* Liftr2UITests.swift */ = {isa = PBXFileReference; lastKnownFileType = sourcecode.swift; path = Liftr2UITests.swift; sourceTree = "<group>"; };
		B3481CCB202AF0CA0097101C /* Info.plist */ = {isa = PBXFileReference; lastKnownFileType = text.plist.xml; path = Info.plist; sourceTree = "<group>"; };
		B3485E3D20518DCE0097AB4C /* GoogleService-Info.plist */ = {isa = PBXFileReference; fileEncoding = 4; lastKnownFileType = text.plist.xml; path = "GoogleService-Info.plist"; sourceTree = "<group>"; };
		B35A2181204F1DBC00759F23 /* Video.mp4 */ = {isa = PBXFileReference; lastKnownFileType = file; path = Video.mp4; sourceTree = "<group>"; };
		B363D738203F407700E2A137 /* QuartzCore.framework */ = {isa = PBXFileReference; lastKnownFileType = wrapper.framework; name = QuartzCore.framework; path = System/Library/Frameworks/QuartzCore.framework; sourceTree = SDKROOT; };
		B366D5962055461800BBB7D1 /* Chin Up.jpg */ = {isa = PBXFileReference; lastKnownFileType = image.jpeg; path = "Chin Up.jpg"; sourceTree = "<group>"; };
		B3692DA7202F6A7E00408D27 /* AVFoundation.framework */ = {isa = PBXFileReference; lastKnownFileType = wrapper.framework; name = AVFoundation.framework; path = System/Library/Frameworks/AVFoundation.framework; sourceTree = SDKROOT; };
		B384594B203A23C200787335 /* ExercisesViewController.swift */ = {isa = PBXFileReference; lastKnownFileType = sourcecode.swift; path = ExercisesViewController.swift; sourceTree = "<group>"; };
		B387D9DD20401C770003EC01 /* CoreGraphics.framework */ = {isa = PBXFileReference; lastKnownFileType = wrapper.framework; name = CoreGraphics.framework; path = System/Library/Frameworks/CoreGraphics.framework; sourceTree = SDKROOT; };
		B38E90EB2077BBDA00D00932 /* RAMAnimatedTabBarController.swift */ = {isa = PBXFileReference; fileEncoding = 4; lastKnownFileType = sourcecode.swift; path = RAMAnimatedTabBarController.swift; sourceTree = "<group>"; };
		B38E90ED2077BBDA00D00932 /* RAMBadge.swift */ = {isa = PBXFileReference; fileEncoding = 4; lastKnownFileType = sourcecode.swift; path = RAMBadge.swift; sourceTree = "<group>"; };
		B38E90EE2077BBDA00D00932 /* RAMItemAnimationProtocol.swift */ = {isa = PBXFileReference; fileEncoding = 4; lastKnownFileType = sourcecode.swift; path = RAMItemAnimationProtocol.swift; sourceTree = "<group>"; };
		B38E90F12077BBDA00D00932 /* RAMFumeAnimation.swift */ = {isa = PBXFileReference; fileEncoding = 4; lastKnownFileType = sourcecode.swift; path = RAMFumeAnimation.swift; sourceTree = "<group>"; };
		B38E90F32077BBDA00D00932 /* RAMFrameItemAnimation.swift */ = {isa = PBXFileReference; fileEncoding = 4; lastKnownFileType = sourcecode.swift; path = RAMFrameItemAnimation.swift; sourceTree = "<group>"; };
		B38E90F52077BBDA00D00932 /* RAMTransitionItemAnimations.swift */ = {isa = PBXFileReference; fileEncoding = 4; lastKnownFileType = sourcecode.swift; path = RAMTransitionItemAnimations.swift; sourceTree = "<group>"; };
		B38E90F72077BBDA00D00932 /* RAMRotationAnimation.swift */ = {isa = PBXFileReference; fileEncoding = 4; lastKnownFileType = sourcecode.swift; path = RAMRotationAnimation.swift; sourceTree = "<group>"; };
		B38E90F92077BBDA00D00932 /* RAMBounceAnimation.swift */ = {isa = PBXFileReference; fileEncoding = 4; lastKnownFileType = sourcecode.swift; path = RAMBounceAnimation.swift; sourceTree = "<group>"; };
		B396F33620513C2800B0340F /* WorkoutNotes1ViewController.swift */ = {isa = PBXFileReference; lastKnownFileType = sourcecode.swift; path = WorkoutNotes1ViewController.swift; sourceTree = "<group>"; };
		B39AC8A7205003AC003D4CA9 /* SignInViewController.swift */ = {isa = PBXFileReference; lastKnownFileType = sourcecode.swift; path = SignInViewController.swift; sourceTree = "<group>"; };
		B39E1C4D207D264500D52207 /* PedometerTableViewController.swift */ = {isa = PBXFileReference; lastKnownFileType = sourcecode.swift; name = PedometerTableViewController.swift; path = "Liftr2/Tab Bar/PedometerTableViewController.swift"; sourceTree = SOURCE_ROOT; };
		B3A844A720402AF6003E9CD6 /* MeasurementsViewController.swift */ = {isa = PBXFileReference; lastKnownFileType = sourcecode.swift; path = MeasurementsViewController.swift; sourceTree = "<group>"; };
		B3A96393202E1FCF00FC9292 /* WelcomeViewController.swift */ = {isa = PBXFileReference; lastKnownFileType = sourcecode.swift; path = WelcomeViewController.swift; sourceTree = "<group>"; };
		B3B7CE8620789CAF00873D04 /* LaunchViewController.swift */ = {isa = PBXFileReference; fileEncoding = 4; lastKnownFileType = sourcecode.swift; path = LaunchViewController.swift; sourceTree = "<group>"; };
		B3BCB51C202DB95100A0BA73 /* Images */ = {isa = PBXFileReference; lastKnownFileType = folder; path = Images; sourceTree = "<group>"; };
		B3C4EDC7205536F800D009AC /* Press Up.jpg */ = {isa = PBXFileReference; lastKnownFileType = image.jpeg; path = "Press Up.jpg"; sourceTree = "<group>"; };
		B3C4EDC9205536FE00D009AC /* Squat.jpg */ = {isa = PBXFileReference; lastKnownFileType = image.jpeg; path = Squat.jpg; sourceTree = "<group>"; };
		B3C82AA8203A370900B10AC9 /* Exercises2ViewController.swift */ = {isa = PBXFileReference; lastKnownFileType = sourcecode.swift; path = Exercises2ViewController.swift; sourceTree = "<group>"; };
		B3C88EE92041708B000943D8 /* Launch Screen.storyboard */ = {isa = PBXFileReference; lastKnownFileType = file.storyboard; path = "Launch Screen.storyboard"; sourceTree = "<group>"; };
		B3CEEF0C2054546300F1921B /* HeightViewController.swift */ = {isa = PBXFileReference; lastKnownFileType = sourcecode.swift; path = HeightViewController.swift; sourceTree = "<group>"; };
		B3CEEF122054793F00F1921B /* WorkoutNotes2ViewController.swift */ = {isa = PBXFileReference; lastKnownFileType = sourcecode.swift; path = WorkoutNotes2ViewController.swift; sourceTree = "<group>"; };
		B3CEEF142054798500F1921B /* WorkoutNotes3ViewController.swift */ = {isa = PBXFileReference; lastKnownFileType = sourcecode.swift; path = WorkoutNotes3ViewController.swift; sourceTree = "<group>"; };
		B3CEEF18205479BB00F1921B /* WeightViewController.swift */ = {isa = PBXFileReference; lastKnownFileType = sourcecode.swift; path = WeightViewController.swift; sourceTree = "<group>"; };
		B3CEEF1A205479C700F1921B /* WaistViewController.swift */ = {isa = PBXFileReference; lastKnownFileType = sourcecode.swift; path = WaistViewController.swift; sourceTree = "<group>"; };
		B3CEEF1C205479D400F1921B /* ChestViewController.swift */ = {isa = PBXFileReference; lastKnownFileType = sourcecode.swift; path = ChestViewController.swift; sourceTree = "<group>"; };
		B3CEEF1E205479EC00F1921B /* BicepViewController.swift */ = {isa = PBXFileReference; lastKnownFileType = sourcecode.swift; path = BicepViewController.swift; sourceTree = "<group>"; };
		B3CEEF20205479F900F1921B /* ShouldersViewController.swift */ = {isa = PBXFileReference; lastKnownFileType = sourcecode.swift; path = ShouldersViewController.swift; sourceTree = "<group>"; };
		B3CEEF2220547A0400F1921B /* HipsViewController.swift */ = {isa = PBXFileReference; lastKnownFileType = sourcecode.swift; path = HipsViewController.swift; sourceTree = "<group>"; };
		B3CEEF2420547A1500F1921B /* GlutesViewController.swift */ = {isa = PBXFileReference; lastKnownFileType = sourcecode.swift; path = GlutesViewController.swift; sourceTree = "<group>"; };
		B3CEEF2620547A2500F1921B /* ThighViewController.swift */ = {isa = PBXFileReference; lastKnownFileType = sourcecode.swift; path = ThighViewController.swift; sourceTree = "<group>"; };
		B3CEEF2A20547A4500F1921B /* CalfViewController.swift */ = {isa = PBXFileReference; lastKnownFileType = sourcecode.swift; path = CalfViewController.swift; sourceTree = "<group>"; };
		B3CEEF2E20548ABC00F1921B /* ForgottenViewController.swift */ = {isa = PBXFileReference; lastKnownFileType = sourcecode.swift; path = ForgottenViewController.swift; sourceTree = "<group>"; };
		B3D2A1FA20838B1400FC51DE /* Stopwatch.swift */ = {isa = PBXFileReference; lastKnownFileType = sourcecode.swift; path = Stopwatch.swift; sourceTree = "<group>"; };
		B3D2A1FC2083C5CD00FC51DE /* Notes1TableViewController.swift */ = {isa = PBXFileReference; lastKnownFileType = sourcecode.swift; path = Notes1TableViewController.swift; sourceTree = "<group>"; };
		B3D8A1AA205FFA51008B4FC5 /* Challange.storyboard */ = {isa = PBXFileReference; lastKnownFileType = file.storyboard; path = Challange.storyboard; sourceTree = "<group>"; };
		B3D8A1AB205FFA51008B4FC5 /* Notes.storyboard */ = {isa = PBXFileReference; lastKnownFileType = file.storyboard; path = Notes.storyboard; sourceTree = "<group>"; };
		B3D8A1AC205FFA52008B4FC5 /* Measurements.storyboard */ = {isa = PBXFileReference; lastKnownFileType = file.storyboard; path = Measurements.storyboard; sourceTree = "<group>"; };
		B3DB13412057D1A800330BEC /* RewardsViewController.swift */ = {isa = PBXFileReference; lastKnownFileType = sourcecode.swift; path = RewardsViewController.swift; sourceTree = "<group>"; };
		B3E4A812205274EC000C650E /* PedometerViewController.swift */ = {isa = PBXFileReference; lastKnownFileType = sourcecode.swift; name = PedometerViewController.swift; path = /Users/Connor/Documents/Liftr/Liftr2/Liftr2/PedometerViewController.swift; sourceTree = "<absolute>"; };
		DC25E6E89DC1A28D77016DB6 /* Pods-Liftr2Tests.debug.xcconfig */ = {isa = PBXFileReference; includeInIndex = 1; lastKnownFileType = text.xcconfig; name = "Pods-Liftr2Tests.debug.xcconfig"; path = "Pods/Target Support Files/Pods-Liftr2Tests/Pods-Liftr2Tests.debug.xcconfig"; sourceTree = "<group>"; };
		EAF43B910DBABA803897DBF5 /* Pods_Liftr2UITests.framework */ = {isa = PBXFileReference; explicitFileType = wrapper.framework; includeInIndex = 0; path = Pods_Liftr2UITests.framework; sourceTree = BUILT_PRODUCTS_DIR; };
/* End PBXFileReference section */

/* Begin PBXFrameworksBuildPhase section */
		B3481CA0202AF0C90097101C /* Frameworks */ = {
			isa = PBXFrameworksBuildPhase;
			buildActionMask = 2147483647;
			files = (
				B304F4A62079641D007D9F8D /* CoreLocation.framework in Frameworks */,
				B387D9DE20401C770003EC01 /* CoreGraphics.framework in Frameworks */,
				B363D739203F407700E2A137 /* QuartzCore.framework in Frameworks */,
				B38D406C206BA0DA00180841 /* AVFoundation.framework in Frameworks */,
				CBB276DB219A2902BDC81727 /* Pods_Liftr2.framework in Frameworks */,
			);
			runOnlyForDeploymentPostprocessing = 0;
		};
		B3481CB7202AF0CA0097101C /* Frameworks */ = {
			isa = PBXFrameworksBuildPhase;
			buildActionMask = 2147483647;
			files = (
				48FED7F5206517A389D0EDA2 /* Pods_Liftr2Tests.framework in Frameworks */,
			);
			runOnlyForDeploymentPostprocessing = 0;
		};
		B3481CC2202AF0CA0097101C /* Frameworks */ = {
			isa = PBXFrameworksBuildPhase;
			buildActionMask = 2147483647;
			files = (
				42A08C7F1EF63C27FCA0E47D /* Pods_Liftr2UITests.framework in Frameworks */,
			);
			runOnlyForDeploymentPostprocessing = 0;
		};
/* End PBXFrameworksBuildPhase section */

/* Begin PBXGroup section */
		B3481C9A202AF0C90097101C = {
			isa = PBXGroup;
			children = (
				B3481CA5202AF0C90097101C /* Liftr2 */,
				B3481CBD202AF0CA0097101C /* Liftr2Tests */,
				B3481CC8202AF0CA0097101C /* Liftr2UITests */,
				B3481CA4202AF0C90097101C /* Products */,
				B35A2181204F1DBC00759F23 /* Video.mp4 */,
				B3E4A81B20529C11000C650E /* Exercises */,
				B3BCB51C202DB95100A0BA73 /* Images */,
				B3692DA6202F6A7E00408D27 /* Frameworks */,
				FB5F5D8A0798E4D5C8A4126F /* Pods */,
			);
			sourceTree = "<group>";
		};
		B3481CA4202AF0C90097101C /* Products */ = {
			isa = PBXGroup;
			children = (
				B3481CA3202AF0C90097101C /* Liftr2.app */,
				B3481CBA202AF0CA0097101C /* Liftr2Tests.xctest */,
				B3481CC5202AF0CA0097101C /* Liftr2UITests.xctest */,
			);
			name = Products;
			sourceTree = "<group>";
		};
		B3481CA5202AF0C90097101C /* Liftr2 */ = {
			isa = PBXGroup;
			children = (
				B3481CA6202AF0C90097101C /* AppDelegate.swift */,
				B3C88EE92041708B000943D8 /* Launch Screen.storyboard */,
				B3481CAA202AF0CA0097101C /* Tab Bar.storyboard */,
				B3CEEF0E205476E800F1921B /* Sign In */,
				B3CEEF0F2054772200F1921B /* Tab Bar */,
				B3CEEF102054777300F1921B /* Notes */,
				B3ACF45E205826BD00FA5281 /* Challange */,
				B3CEEF11205477BB00F1921B /* Measurements */,
				B3481CB0202AF0CA0097101C /* Assets.xcassets */,
				B3485E3D20518DCE0097AB4C /* GoogleService-Info.plist */,
				B3481CB5202AF0CA0097101C /* Info.plist */,
				B3481CAD202AF0CA0097101C /* Liftr2.xcdatamodeld */,
			);
			path = Liftr2;
			sourceTree = "<group>";
		};
		B3481CBD202AF0CA0097101C /* Liftr2Tests */ = {
			isa = PBXGroup;
			children = (
				B3481CBE202AF0CA0097101C /* Liftr2Tests.swift */,
				B3481CC0202AF0CA0097101C /* Info.plist */,
			);
			path = Liftr2Tests;
			sourceTree = "<group>";
		};
		B3481CC8202AF0CA0097101C /* Liftr2UITests */ = {
			isa = PBXGroup;
			children = (
				B3481CC9202AF0CA0097101C /* Liftr2UITests.swift */,
				B3481CCB202AF0CA0097101C /* Info.plist */,
			);
			path = Liftr2UITests;
			sourceTree = "<group>";
		};
		B3692DA6202F6A7E00408D27 /* Frameworks */ = {
			isa = PBXGroup;
			children = (
				B32BDAA6209C66E20079B60E /* MarqueeLabel.framework */,
				B304F4A52079641D007D9F8D /* CoreLocation.framework */,
				B387D9DD20401C770003EC01 /* CoreGraphics.framework */,
				B363D738203F407700E2A137 /* QuartzCore.framework */,
				B3692DA7202F6A7E00408D27 /* AVFoundation.framework */,
				586643DFCE9E1DE387407831 /* Pods_Liftr2.framework */,
				8777D7821B023B83827A56B2 /* Pods_Liftr2Tests.framework */,
				EAF43B910DBABA803897DBF5 /* Pods_Liftr2UITests.framework */,
			);
			name = Frameworks;
			sourceTree = "<group>";
		};
		B38E90EA2077BBDA00D00932 /* RAMAnimatedTabBarController */ = {
			isa = PBXGroup;
			children = (
				B38E90EB2077BBDA00D00932 /* RAMAnimatedTabBarController.swift */,
				B38E90EC2077BBDA00D00932 /* RAMBadge */,
				B38E90EE2077BBDA00D00932 /* RAMItemAnimationProtocol.swift */,
				B38E90EF2077BBDA00D00932 /* Animations */,
			);
			path = RAMAnimatedTabBarController;
			sourceTree = "<group>";
		};
		B38E90EC2077BBDA00D00932 /* RAMBadge */ = {
			isa = PBXGroup;
			children = (
				B38E90ED2077BBDA00D00932 /* RAMBadge.swift */,
			);
			path = RAMBadge;
			sourceTree = "<group>";
		};
		B38E90EF2077BBDA00D00932 /* Animations */ = {
			isa = PBXGroup;
			children = (
				B38E90F02077BBDA00D00932 /* FumeAnimation */,
				B38E90F22077BBDA00D00932 /* FrameAnimation */,
				B38E90F42077BBDA00D00932 /* TransitionAniamtions */,
				B38E90F62077BBDA00D00932 /* RotationAnimation */,
				B38E90F82077BBDA00D00932 /* BounceAnimation */,
			);
			path = Animations;
			sourceTree = "<group>";
		};
		B38E90F02077BBDA00D00932 /* FumeAnimation */ = {
			isa = PBXGroup;
			children = (
				B38E90F12077BBDA00D00932 /* RAMFumeAnimation.swift */,
			);
			path = FumeAnimation;
			sourceTree = "<group>";
		};
		B38E90F22077BBDA00D00932 /* FrameAnimation */ = {
			isa = PBXGroup;
			children = (
				B38E90F32077BBDA00D00932 /* RAMFrameItemAnimation.swift */,
			);
			path = FrameAnimation;
			sourceTree = "<group>";
		};
		B38E90F42077BBDA00D00932 /* TransitionAniamtions */ = {
			isa = PBXGroup;
			children = (
				B38E90F52077BBDA00D00932 /* RAMTransitionItemAnimations.swift */,
			);
			path = TransitionAniamtions;
			sourceTree = "<group>";
		};
		B38E90F62077BBDA00D00932 /* RotationAnimation */ = {
			isa = PBXGroup;
			children = (
				B38E90F72077BBDA00D00932 /* RAMRotationAnimation.swift */,
			);
			path = RotationAnimation;
			sourceTree = "<group>";
		};
		B38E90F82077BBDA00D00932 /* BounceAnimation */ = {
			isa = PBXGroup;
			children = (
				B38E90F92077BBDA00D00932 /* RAMBounceAnimation.swift */,
			);
			path = BounceAnimation;
			sourceTree = "<group>";
		};
		B3ACF45E205826BD00FA5281 /* Challange */ = {
			isa = PBXGroup;
			children = (
				B3D8A1AA205FFA51008B4FC5 /* Challange.storyboard */,
				B306E53E20567F0E006C1E77 /* ChallengeViewController.swift */,
				B306E54020568113006C1E77 /* Challenge2ViewController.swift */,
				B3DB13412057D1A800330BEC /* RewardsViewController.swift */,
			);
			name = Challange;
			sourceTree = "<group>";
		};
		B3CEEF0E205476E800F1921B /* Sign In */ = {
			isa = PBXGroup;
			children = (
				B327C4FC207A4A2F007206CF /* ScaleSegue.swift */,
				B3B7CE8620789CAF00873D04 /* LaunchViewController.swift */,
				B39AC8A7205003AC003D4CA9 /* SignInViewController.swift */,
				B3230205202EE95E008DF62D /* SignUpViewController.swift */,
				B3A96393202E1FCF00FC9292 /* WelcomeViewController.swift */,
				B3CEEF2E20548ABC00F1921B /* ForgottenViewController.swift */,
			);
			path = "Sign In";
			sourceTree = "<group>";
		};
		B3CEEF0F2054772200F1921B /* Tab Bar */ = {
			isa = PBXGroup;
			children = (
				B38E90EA2077BBDA00D00932 /* RAMAnimatedTabBarController */,
				B3230207202EF7C0008DF62D /* ProfileViewController.swift */,
				B384594B203A23C200787335 /* ExercisesViewController.swift */,
				B3C82AA8203A370900B10AC9 /* Exercises2ViewController.swift */,
				B33FEE9320867E6500D48DAE /* ChangeExperienceViewController.swift */,
				B3A844A720402AF6003E9CD6 /* MeasurementsViewController.swift */,
				B3E4A812205274EC000C650E /* PedometerViewController.swift */,
				B39E1C4D207D264500D52207 /* PedometerTableViewController.swift */,
				B3291BEC2090644200E49766 /* Steps.swift */,
				B304F4A72079649B007D9F8D /* MapMeViewController.swift */,
				B31CD2982068F1F900734B7C /* PopUpViewController.swift */,
			);
			path = "Tab Bar";
			sourceTree = "<group>";
		};
		B3CEEF102054777300F1921B /* Notes */ = {
			isa = PBXGroup;
			children = (
				B3D8A1AB205FFA51008B4FC5 /* Notes.storyboard */,
				B396F33620513C2800B0340F /* WorkoutNotes1ViewController.swift */,
				B3CEEF122054793F00F1921B /* WorkoutNotes2ViewController.swift */,
				B3CEEF142054798500F1921B /* WorkoutNotes3ViewController.swift */,
				B3D2A1FC2083C5CD00FC51DE /* Notes1TableViewController.swift */,
				B33DE600208FD6A600DA130A /* Notes.swift */,
				B3D2A1FA20838B1400FC51DE /* Stopwatch.swift */,
				B33DE5FE208FBE6100DA130A /* Workout.swift */,
				B33DE602208FE0A600DA130A /* Exercises.swift */,
			);
			path = Notes;
			sourceTree = "<group>";
		};
		B3CEEF11205477BB00F1921B /* Measurements */ = {
			isa = PBXGroup;
			children = (
				B3D8A1AC205FFA52008B4FC5 /* Measurements.storyboard */,
				B3CEEF18205479BB00F1921B /* WeightViewController.swift */,
				B3CEEF0C2054546300F1921B /* HeightViewController.swift */,
				B3CEEF1A205479C700F1921B /* WaistViewController.swift */,
				B3CEEF1C205479D400F1921B /* ChestViewController.swift */,
				B3CEEF2220547A0400F1921B /* HipsViewController.swift */,
				B3CEEF2420547A1500F1921B /* GlutesViewController.swift */,
				B3CEEF1E205479EC00F1921B /* BicepViewController.swift */,
				B3CEEF20205479F900F1921B /* ShouldersViewController.swift */,
				B3CEEF2620547A2500F1921B /* ThighViewController.swift */,
				B3CEEF2A20547A4500F1921B /* CalfViewController.swift */,
				B33DE5FC208FB84500DA130A /* Measurement.swift */,
				B32BDAA8209C6E5E0079B60E /* CalculatorViewController.swift */,
				B326DFAD20A35B6C00DE6F75 /* Calc.swift */,
				B326DFAF20A35FAE00DE6F75 /* CalcCell.swift */,
				B326DFA720A35A9500DE6F75 /* BMIViewController.swift */,
				B326DFA920A35ABE00DE6F75 /* BodyFatViewController.swift */,
				B326DFAB20A35AD700DE6F75 /* StepKcalViewController.swift */,
			);
			path = Measurements;
			sourceTree = "<group>";
		};
		B3E4A81B20529C11000C650E /* Exercises */ = {
			isa = PBXGroup;
			children = (
				B3C4EDC9205536FE00D009AC /* Squat.jpg */,
				B3C4EDC7205536F800D009AC /* Press Up.jpg */,
				B366D5962055461800BBB7D1 /* Chin Up.jpg */,
			);
			name = Exercises;
			path = Liftr2;
			sourceTree = "<group>";
		};
		FB5F5D8A0798E4D5C8A4126F /* Pods */ = {
			isa = PBXGroup;
			children = (
				968C48DAB6DF32E71A2058F9 /* Pods-Liftr2.debug.xcconfig */,
				03EA55D8C8FCA310E2E746F6 /* Pods-Liftr2.release.xcconfig */,
				DC25E6E89DC1A28D77016DB6 /* Pods-Liftr2Tests.debug.xcconfig */,
				6B3ACACF529E3BAC57CD50DB /* Pods-Liftr2Tests.release.xcconfig */,
				5F0294E65F31DF02D17BB51A /* Pods-Liftr2UITests.debug.xcconfig */,
				4846002CF0B5FEC3EABF421E /* Pods-Liftr2UITests.release.xcconfig */,
			);
			name = Pods;
			sourceTree = "<group>";
		};
/* End PBXGroup section */

/* Begin PBXNativeTarget section */
		B3481CA2202AF0C90097101C /* Liftr2 */ = {
			isa = PBXNativeTarget;
			buildConfigurationList = B3481CCE202AF0CA0097101C /* Build configuration list for PBXNativeTarget "Liftr2" */;
			buildPhases = (
				D3FE24EBE9CB28096F1BD677 /* [CP] Check Pods Manifest.lock */,
				B3481C9F202AF0C90097101C /* Sources */,
				B3481CA0202AF0C90097101C /* Frameworks */,
				B3481CA1202AF0C90097101C /* Resources */,
				E8583035224DE6610A879752 /* [CP] Embed Pods Frameworks */,
			);
			buildRules = (
			);
			dependencies = (
			);
			name = Liftr2;
			productName = Liftr2;
			productReference = B3481CA3202AF0C90097101C /* Liftr2.app */;
			productType = "com.apple.product-type.application";
		};
		B3481CB9202AF0CA0097101C /* Liftr2Tests */ = {
			isa = PBXNativeTarget;
			buildConfigurationList = B3481CD1202AF0CA0097101C /* Build configuration list for PBXNativeTarget "Liftr2Tests" */;
			buildPhases = (
				73AA2373B32AA586C1AFD0EB /* [CP] Check Pods Manifest.lock */,
				B3481CB6202AF0CA0097101C /* Sources */,
				B3481CB7202AF0CA0097101C /* Frameworks */,
				B3481CB8202AF0CA0097101C /* Resources */,
			);
			buildRules = (
			);
			dependencies = (
				B3481CBC202AF0CA0097101C /* PBXTargetDependency */,
			);
			name = Liftr2Tests;
			productName = Liftr2Tests;
			productReference = B3481CBA202AF0CA0097101C /* Liftr2Tests.xctest */;
			productType = "com.apple.product-type.bundle.unit-test";
		};
		B3481CC4202AF0CA0097101C /* Liftr2UITests */ = {
			isa = PBXNativeTarget;
			buildConfigurationList = B3481CD4202AF0CA0097101C /* Build configuration list for PBXNativeTarget "Liftr2UITests" */;
			buildPhases = (
				001A7C2C3DADCCC518433FCE /* [CP] Check Pods Manifest.lock */,
				B3481CC1202AF0CA0097101C /* Sources */,
				B3481CC2202AF0CA0097101C /* Frameworks */,
				B3481CC3202AF0CA0097101C /* Resources */,
			);
			buildRules = (
			);
			dependencies = (
				B3481CC7202AF0CA0097101C /* PBXTargetDependency */,
			);
			name = Liftr2UITests;
			productName = Liftr2UITests;
			productReference = B3481CC5202AF0CA0097101C /* Liftr2UITests.xctest */;
			productType = "com.apple.product-type.bundle.ui-testing";
		};
/* End PBXNativeTarget section */

/* Begin PBXProject section */
		B3481C9B202AF0C90097101C /* Project object */ = {
			isa = PBXProject;
			attributes = {
				LastSwiftUpdateCheck = 0920;
				LastUpgradeCheck = 0930;
				ORGANIZATIONNAME = "Connor Berry";
				TargetAttributes = {
					B3481CA2202AF0C90097101C = {
						CreatedOnToolsVersion = 9.2;
						SystemCapabilities = {
							com.apple.HealthKit = {
								enabled = 0;
							};
						};
					};
					B3481CB9202AF0CA0097101C = {
						CreatedOnToolsVersion = 9.2;
						ProvisioningStyle = Automatic;
						TestTargetID = B3481CA2202AF0C90097101C;
					};
					B3481CC4202AF0CA0097101C = {
						CreatedOnToolsVersion = 9.2;
						ProvisioningStyle = Automatic;
						TestTargetID = B3481CA2202AF0C90097101C;
					};
				};
			};
			buildConfigurationList = B3481C9E202AF0C90097101C /* Build configuration list for PBXProject "Liftr2" */;
			compatibilityVersion = "Xcode 9.3";
			developmentRegion = en;
			hasScannedForEncodings = 0;
			knownRegions = (
				en,
				Base,
			);
			mainGroup = B3481C9A202AF0C90097101C;
			productRefGroup = B3481CA4202AF0C90097101C /* Products */;
			projectDirPath = "";
			projectRoot = "";
			targets = (
				B3481CA2202AF0C90097101C /* Liftr2 */,
				B3481CB9202AF0CA0097101C /* Liftr2Tests */,
				B3481CC4202AF0CA0097101C /* Liftr2UITests */,
			);
		};
/* End PBXProject section */

/* Begin PBXResourcesBuildPhase section */
		B3481CA1202AF0C90097101C /* Resources */ = {
			isa = PBXResourcesBuildPhase;
			buildActionMask = 2147483647;
			files = (
				B3C88EEA2041708B000943D8 /* Launch Screen.storyboard in Resources */,
				B3D8A1AD205FFA71008B4FC5 /* Measurements.storyboard in Resources */,
				B366D5972055461900BBB7D1 /* Chin Up.jpg in Resources */,
				B3BCB51D202DB95100A0BA73 /* Images in Resources */,
				B3481CB1202AF0CA0097101C /* Assets.xcassets in Resources */,
				B3481CAC202AF0CA0097101C /* Tab Bar.storyboard in Resources */,
				B3D8A1B12060032C008B4FC5 /* Notes.storyboard in Resources */,
				B3C4EDC8205536F800D009AC /* Press Up.jpg in Resources */,
				B35A2182204F1DBD00759F23 /* Video.mp4 in Resources */,
				B3485E3E20518DCE0097AB4C /* GoogleService-Info.plist in Resources */,
				B3D8A1B020600172008B4FC5 /* Challange.storyboard in Resources */,
				B3C4EDCA205536FF00D009AC /* Squat.jpg in Resources */,
			);
			runOnlyForDeploymentPostprocessing = 0;
		};
		B3481CB8202AF0CA0097101C /* Resources */ = {
			isa = PBXResourcesBuildPhase;
			buildActionMask = 2147483647;
			files = (
			);
			runOnlyForDeploymentPostprocessing = 0;
		};
		B3481CC3202AF0CA0097101C /* Resources */ = {
			isa = PBXResourcesBuildPhase;
			buildActionMask = 2147483647;
			files = (
			);
			runOnlyForDeploymentPostprocessing = 0;
		};
/* End PBXResourcesBuildPhase section */

/* Begin PBXShellScriptBuildPhase section */
		001A7C2C3DADCCC518433FCE /* [CP] Check Pods Manifest.lock */ = {
			isa = PBXShellScriptBuildPhase;
			buildActionMask = 2147483647;
			files = (
			);
			inputPaths = (
				"${PODS_PODFILE_DIR_PATH}/Podfile.lock",
				"${PODS_ROOT}/Manifest.lock",
			);
			name = "[CP] Check Pods Manifest.lock";
			outputPaths = (
				"$(DERIVED_FILE_DIR)/Pods-Liftr2UITests-checkManifestLockResult.txt",
			);
			runOnlyForDeploymentPostprocessing = 0;
			shellPath = /bin/sh;
			shellScript = "diff \"${PODS_PODFILE_DIR_PATH}/Podfile.lock\" \"${PODS_ROOT}/Manifest.lock\" > /dev/null\nif [ $? != 0 ] ; then\n    # print error to STDERR\n    echo \"error: The sandbox is not in sync with the Podfile.lock. Run 'pod install' or update your CocoaPods installation.\" >&2\n    exit 1\nfi\n# This output is used by Xcode 'outputs' to avoid re-running this script phase.\necho \"SUCCESS\" > \"${SCRIPT_OUTPUT_FILE_0}\"\n";
			showEnvVarsInLog = 0;
		};
		73AA2373B32AA586C1AFD0EB /* [CP] Check Pods Manifest.lock */ = {
			isa = PBXShellScriptBuildPhase;
			buildActionMask = 2147483647;
			files = (
			);
			inputPaths = (
				"${PODS_PODFILE_DIR_PATH}/Podfile.lock",
				"${PODS_ROOT}/Manifest.lock",
			);
			name = "[CP] Check Pods Manifest.lock";
			outputPaths = (
				"$(DERIVED_FILE_DIR)/Pods-Liftr2Tests-checkManifestLockResult.txt",
			);
			runOnlyForDeploymentPostprocessing = 0;
			shellPath = /bin/sh;
			shellScript = "diff \"${PODS_PODFILE_DIR_PATH}/Podfile.lock\" \"${PODS_ROOT}/Manifest.lock\" > /dev/null\nif [ $? != 0 ] ; then\n    # print error to STDERR\n    echo \"error: The sandbox is not in sync with the Podfile.lock. Run 'pod install' or update your CocoaPods installation.\" >&2\n    exit 1\nfi\n# This output is used by Xcode 'outputs' to avoid re-running this script phase.\necho \"SUCCESS\" > \"${SCRIPT_OUTPUT_FILE_0}\"\n";
			showEnvVarsInLog = 0;
		};
		D3FE24EBE9CB28096F1BD677 /* [CP] Check Pods Manifest.lock */ = {
			isa = PBXShellScriptBuildPhase;
			buildActionMask = 2147483647;
			files = (
			);
			inputPaths = (
				"${PODS_PODFILE_DIR_PATH}/Podfile.lock",
				"${PODS_ROOT}/Manifest.lock",
			);
			name = "[CP] Check Pods Manifest.lock";
			outputPaths = (
				"$(DERIVED_FILE_DIR)/Pods-Liftr2-checkManifestLockResult.txt",
			);
			runOnlyForDeploymentPostprocessing = 0;
			shellPath = /bin/sh;
			shellScript = "diff \"${PODS_PODFILE_DIR_PATH}/Podfile.lock\" \"${PODS_ROOT}/Manifest.lock\" > /dev/null\nif [ $? != 0 ] ; then\n    # print error to STDERR\n    echo \"error: The sandbox is not in sync with the Podfile.lock. Run 'pod install' or update your CocoaPods installation.\" >&2\n    exit 1\nfi\n# This output is used by Xcode 'outputs' to avoid re-running this script phase.\necho \"SUCCESS\" > \"${SCRIPT_OUTPUT_FILE_0}\"\n";
			showEnvVarsInLog = 0;
		};
		E8583035224DE6610A879752 /* [CP] Embed Pods Frameworks */ = {
			isa = PBXShellScriptBuildPhase;
			buildActionMask = 2147483647;
			files = (
			);
			inputPaths = (
				"${SRCROOT}/Pods/Target Support Files/Pods-Liftr2/Pods-Liftr2-frameworks.sh",
				"${BUILT_PRODUCTS_DIR}/ConfettiView/ConfettiView.framework",
				"${BUILT_PRODUCTS_DIR}/GTMSessionFetcher/GTMSessionFetcher.framework",
				"${BUILT_PRODUCTS_DIR}/GoogleToolboxForMac/GoogleToolboxForMac.framework",
				"${BUILT_PRODUCTS_DIR}/MKRingProgressView/MKRingProgressView.framework",
				"${BUILT_PRODUCTS_DIR}/MarqueeLabel/MarqueeLabel.framework",
				"${BUILT_PRODUCTS_DIR}/NotificationBannerSwift/NotificationBannerSwift.framework",
				"${BUILT_PRODUCTS_DIR}/RAMAnimatedTabBarController/RAMAnimatedTabBarController.framework",
				"${BUILT_PRODUCTS_DIR}/SnapKit/SnapKit.framework",
				"${BUILT_PRODUCTS_DIR}/UICircularProgressRing/UICircularProgressRing.framework",
				"${BUILT_PRODUCTS_DIR}/leveldb-library/leveldb.framework",
				"${BUILT_PRODUCTS_DIR}/nanopb/nanopb.framework",
			);
			name = "[CP] Embed Pods Frameworks";
			outputPaths = (
				"${TARGET_BUILD_DIR}/${FRAMEWORKS_FOLDER_PATH}/ConfettiView.framework",
				"${TARGET_BUILD_DIR}/${FRAMEWORKS_FOLDER_PATH}/GTMSessionFetcher.framework",
				"${TARGET_BUILD_DIR}/${FRAMEWORKS_FOLDER_PATH}/GoogleToolboxForMac.framework",
				"${TARGET_BUILD_DIR}/${FRAMEWORKS_FOLDER_PATH}/MKRingProgressView.framework",
				"${TARGET_BUILD_DIR}/${FRAMEWORKS_FOLDER_PATH}/MarqueeLabel.framework",
				"${TARGET_BUILD_DIR}/${FRAMEWORKS_FOLDER_PATH}/NotificationBannerSwift.framework",
				"${TARGET_BUILD_DIR}/${FRAMEWORKS_FOLDER_PATH}/RAMAnimatedTabBarController.framework",
				"${TARGET_BUILD_DIR}/${FRAMEWORKS_FOLDER_PATH}/SnapKit.framework",
				"${TARGET_BUILD_DIR}/${FRAMEWORKS_FOLDER_PATH}/UICircularProgressRing.framework",
				"${TARGET_BUILD_DIR}/${FRAMEWORKS_FOLDER_PATH}/leveldb.framework",
				"${TARGET_BUILD_DIR}/${FRAMEWORKS_FOLDER_PATH}/nanopb.framework",
			);
			runOnlyForDeploymentPostprocessing = 0;
			shellPath = /bin/sh;
			shellScript = "\"${SRCROOT}/Pods/Target Support Files/Pods-Liftr2/Pods-Liftr2-frameworks.sh\"\n";
			showEnvVarsInLog = 0;
		};
/* End PBXShellScriptBuildPhase section */

/* Begin PBXSourcesBuildPhase section */
		B3481C9F202AF0C90097101C /* Sources */ = {
			isa = PBXSourcesBuildPhase;
			buildActionMask = 2147483647;
			files = (
				B326DFB020A35FAE00DE6F75 /* CalcCell.swift in Sources */,
				B39AC8A8205003AC003D4CA9 /* SignInViewController.swift in Sources */,
				B306E54120568113006C1E77 /* Challenge2ViewController.swift in Sources */,
				B3CEEF1B205479C700F1921B /* WaistViewController.swift in Sources */,
				B304F4A82079649B007D9F8D /* MapMeViewController.swift in Sources */,
				B3CEEF0D2054546300F1921B /* HeightViewController.swift in Sources */,
				B396F33720513C2800B0340F /* WorkoutNotes1ViewController.swift in Sources */,
				B3A96394202E1FCF00FC9292 /* WelcomeViewController.swift in Sources */,
				B33FEE9420867E6500D48DAE /* ChangeExperienceViewController.swift in Sources */,
				B3CEEF2F20548ABC00F1921B /* ForgottenViewController.swift in Sources */,
				B3A69655208740CE0010B2C7 /* PedometerTableViewController.swift in Sources */,
				B3481CAF202AF0CA0097101C /* Liftr2.xcdatamodeld in Sources */,
				B384594C203A23C200787335 /* ExercisesViewController.swift in Sources */,
				B306E53F20567F0E006C1E77 /* ChallengeViewController.swift in Sources */,
				B326DFAC20A35AD700DE6F75 /* StepKcalViewController.swift in Sources */,
				B3CEEF21205479F900F1921B /* ShouldersViewController.swift in Sources */,
				B3CEEF1F205479EC00F1921B /* BicepViewController.swift in Sources */,
				B31CD2992068F1F900734B7C /* PopUpViewController.swift in Sources */,
				B327C4FD207A4A2F007206CF /* ScaleSegue.swift in Sources */,
				B33DE603208FE0A600DA130A /* Exercises.swift in Sources */,
				B3C82AA9203A370900B10AC9 /* Exercises2ViewController.swift in Sources */,
				B3CEEF2B20547A4500F1921B /* CalfViewController.swift in Sources */,
				B3CEEF132054793F00F1921B /* WorkoutNotes2ViewController.swift in Sources */,
				B3291BED2090644200E49766 /* Steps.swift in Sources */,
				B38E90FB2077BBDA00D00932 /* RAMBadge.swift in Sources */,
				B3B7CE8720789CB000873D04 /* LaunchViewController.swift in Sources */,
				B326DFAA20A35ABE00DE6F75 /* BodyFatViewController.swift in Sources */,
				B3CEEF2720547A2500F1921B /* ThighViewController.swift in Sources */,
				B38E90FA2077BBDA00D00932 /* RAMAnimatedTabBarController.swift in Sources */,
				B32BDAA9209C6E5E0079B60E /* CalculatorViewController.swift in Sources */,
				B3A844A820402AF6003E9CD6 /* MeasurementsViewController.swift in Sources */,
				B326DFAE20A35B6C00DE6F75 /* Calc.swift in Sources */,
				B3230208202EF7C0008DF62D /* ProfileViewController.swift in Sources */,
				B3DB13422057D1A800330BEC /* RewardsViewController.swift in Sources */,
				B33DE5FD208FB84600DA130A /* Measurement.swift in Sources */,
				B38E90FE2077BBDA00D00932 /* RAMFrameItemAnimation.swift in Sources */,
				B3230206202EE95E008DF62D /* SignUpViewController.swift in Sources */,
				B38E91002077BBDA00D00932 /* RAMRotationAnimation.swift in Sources */,
				B3CEEF2320547A0400F1921B /* HipsViewController.swift in Sources */,
				B3CEEF19205479BB00F1921B /* WeightViewController.swift in Sources */,
				B38E91012077BBDA00D00932 /* RAMBounceAnimation.swift in Sources */,
				B3CEEF1D205479D400F1921B /* ChestViewController.swift in Sources */,
				B3CEEF2520547A1500F1921B /* GlutesViewController.swift in Sources */,
				B3481CA7202AF0C90097101C /* AppDelegate.swift in Sources */,
				B3D2A1FD2083C5CD00FC51DE /* Notes1TableViewController.swift in Sources */,
				B38E90FF2077BBDA00D00932 /* RAMTransitionItemAnimations.swift in Sources */,
				B33DE5FF208FBE6100DA130A /* Workout.swift in Sources */,
				B326DFA820A35A9500DE6F75 /* BMIViewController.swift in Sources */,
				B3E4A813205274EC000C650E /* PedometerViewController.swift in Sources */,
				B38E90FC2077BBDA00D00932 /* RAMItemAnimationProtocol.swift in Sources */,
				B3D2A1FB20838B1400FC51DE /* Stopwatch.swift in Sources */,
				B38E90FD2077BBDA00D00932 /* RAMFumeAnimation.swift in Sources */,
				B3CEEF152054798500F1921B /* WorkoutNotes3ViewController.swift in Sources */,
				B33DE601208FD6A600DA130A /* Notes.swift in Sources */,
			);
			runOnlyForDeploymentPostprocessing = 0;
		};
		B3481CB6202AF0CA0097101C /* Sources */ = {
			isa = PBXSourcesBuildPhase;
			buildActionMask = 2147483647;
			files = (
				B3481CBF202AF0CA0097101C /* Liftr2Tests.swift in Sources */,
			);
			runOnlyForDeploymentPostprocessing = 0;
		};
		B3481CC1202AF0CA0097101C /* Sources */ = {
			isa = PBXSourcesBuildPhase;
			buildActionMask = 2147483647;
			files = (
				B3481CCA202AF0CA0097101C /* Liftr2UITests.swift in Sources */,
			);
			runOnlyForDeploymentPostprocessing = 0;
		};
/* End PBXSourcesBuildPhase section */

/* Begin PBXTargetDependency section */
		B3481CBC202AF0CA0097101C /* PBXTargetDependency */ = {
			isa = PBXTargetDependency;
			target = B3481CA2202AF0C90097101C /* Liftr2 */;
			targetProxy = B3481CBB202AF0CA0097101C /* PBXContainerItemProxy */;
		};
		B3481CC7202AF0CA0097101C /* PBXTargetDependency */ = {
			isa = PBXTargetDependency;
			target = B3481CA2202AF0C90097101C /* Liftr2 */;
			targetProxy = B3481CC6202AF0CA0097101C /* PBXContainerItemProxy */;
		};
/* End PBXTargetDependency section */

/* Begin PBXVariantGroup section */
		B3481CAA202AF0CA0097101C /* Tab Bar.storyboard */ = {
			isa = PBXVariantGroup;
			children = (
				B3481CAB202AF0CA0097101C /* Base */,
			);
			name = "Tab Bar.storyboard";
			sourceTree = "<group>";
		};
/* End PBXVariantGroup section */

/* Begin XCBuildConfiguration section */
		B3481CCC202AF0CA0097101C /* Debug */ = {
			isa = XCBuildConfiguration;
			buildSettings = {
				ALWAYS_SEARCH_USER_PATHS = NO;
				CLANG_ANALYZER_NONNULL = YES;
				CLANG_ANALYZER_NUMBER_OBJECT_CONVERSION = YES_AGGRESSIVE;
				CLANG_CXX_LANGUAGE_STANDARD = "gnu++14";
				CLANG_CXX_LIBRARY = "libc++";
				CLANG_ENABLE_MODULES = YES;
				CLANG_ENABLE_OBJC_ARC = YES;
				CLANG_WARN_BLOCK_CAPTURE_AUTORELEASING = YES;
				CLANG_WARN_BOOL_CONVERSION = YES;
				CLANG_WARN_COMMA = YES;
				CLANG_WARN_CONSTANT_CONVERSION = YES;
				CLANG_WARN_DEPRECATED_OBJC_IMPLEMENTATIONS = YES;
				CLANG_WARN_DIRECT_OBJC_ISA_USAGE = YES_ERROR;
				CLANG_WARN_DOCUMENTATION_COMMENTS = YES;
				CLANG_WARN_EMPTY_BODY = YES;
				CLANG_WARN_ENUM_CONVERSION = YES;
				CLANG_WARN_INFINITE_RECURSION = YES;
				CLANG_WARN_INT_CONVERSION = YES;
				CLANG_WARN_NON_LITERAL_NULL_CONVERSION = YES;
				CLANG_WARN_OBJC_IMPLICIT_RETAIN_SELF = YES;
				CLANG_WARN_OBJC_LITERAL_CONVERSION = YES;
				CLANG_WARN_OBJC_ROOT_CLASS = YES_ERROR;
				CLANG_WARN_RANGE_LOOP_ANALYSIS = YES;
				CLANG_WARN_STRICT_PROTOTYPES = YES;
				CLANG_WARN_SUSPICIOUS_MOVE = YES;
				CLANG_WARN_UNGUARDED_AVAILABILITY = YES_AGGRESSIVE;
				CLANG_WARN_UNREACHABLE_CODE = YES;
				CLANG_WARN__DUPLICATE_METHOD_MATCH = YES;
				CODE_SIGN_IDENTITY = "iPhone Developer";
				COPY_PHASE_STRIP = NO;
				DEBUG_INFORMATION_FORMAT = dwarf;
				ENABLE_STRICT_OBJC_MSGSEND = YES;
				ENABLE_TESTABILITY = YES;
				GCC_C_LANGUAGE_STANDARD = gnu11;
				GCC_DYNAMIC_NO_PIC = NO;
				GCC_NO_COMMON_BLOCKS = YES;
				GCC_OPTIMIZATION_LEVEL = 0;
				GCC_PREPROCESSOR_DEFINITIONS = (
					"DEBUG=1",
					"$(inherited)",
				);
				GCC_WARN_64_TO_32_BIT_CONVERSION = YES;
				GCC_WARN_ABOUT_RETURN_TYPE = YES_ERROR;
				GCC_WARN_UNDECLARED_SELECTOR = YES;
				GCC_WARN_UNINITIALIZED_AUTOS = YES_AGGRESSIVE;
				GCC_WARN_UNUSED_FUNCTION = YES;
				GCC_WARN_UNUSED_VARIABLE = YES;
				IPHONEOS_DEPLOYMENT_TARGET = 11.3;
				MTL_ENABLE_DEBUG_INFO = YES;
				ONLY_ACTIVE_ARCH = YES;
				SDKROOT = iphoneos;
				SWIFT_ACTIVE_COMPILATION_CONDITIONS = DEBUG;
				SWIFT_COMPILATION_MODE = singlefile;
				SWIFT_OPTIMIZATION_LEVEL = "-Onone";
			};
			name = Debug;
		};
		B3481CCD202AF0CA0097101C /* Release */ = {
			isa = XCBuildConfiguration;
			buildSettings = {
				ALWAYS_SEARCH_USER_PATHS = NO;
				CLANG_ANALYZER_NONNULL = YES;
				CLANG_ANALYZER_NUMBER_OBJECT_CONVERSION = YES_AGGRESSIVE;
				CLANG_CXX_LANGUAGE_STANDARD = "gnu++14";
				CLANG_CXX_LIBRARY = "libc++";
				CLANG_ENABLE_MODULES = YES;
				CLANG_ENABLE_OBJC_ARC = YES;
				CLANG_WARN_BLOCK_CAPTURE_AUTORELEASING = YES;
				CLANG_WARN_BOOL_CONVERSION = YES;
				CLANG_WARN_COMMA = YES;
				CLANG_WARN_CONSTANT_CONVERSION = YES;
				CLANG_WARN_DEPRECATED_OBJC_IMPLEMENTATIONS = YES;
				CLANG_WARN_DIRECT_OBJC_ISA_USAGE = YES_ERROR;
				CLANG_WARN_DOCUMENTATION_COMMENTS = YES;
				CLANG_WARN_EMPTY_BODY = YES;
				CLANG_WARN_ENUM_CONVERSION = YES;
				CLANG_WARN_INFINITE_RECURSION = YES;
				CLANG_WARN_INT_CONVERSION = YES;
				CLANG_WARN_NON_LITERAL_NULL_CONVERSION = YES;
				CLANG_WARN_OBJC_IMPLICIT_RETAIN_SELF = YES;
				CLANG_WARN_OBJC_LITERAL_CONVERSION = YES;
				CLANG_WARN_OBJC_ROOT_CLASS = YES_ERROR;
				CLANG_WARN_RANGE_LOOP_ANALYSIS = YES;
				CLANG_WARN_STRICT_PROTOTYPES = YES;
				CLANG_WARN_SUSPICIOUS_MOVE = YES;
				CLANG_WARN_UNGUARDED_AVAILABILITY = YES_AGGRESSIVE;
				CLANG_WARN_UNREACHABLE_CODE = YES;
				CLANG_WARN__DUPLICATE_METHOD_MATCH = YES;
				CODE_SIGN_IDENTITY = "iPhone Developer";
				COPY_PHASE_STRIP = NO;
				DEBUG_INFORMATION_FORMAT = "dwarf-with-dsym";
				ENABLE_NS_ASSERTIONS = NO;
				ENABLE_STRICT_OBJC_MSGSEND = YES;
				GCC_C_LANGUAGE_STANDARD = gnu11;
				GCC_NO_COMMON_BLOCKS = YES;
				GCC_WARN_64_TO_32_BIT_CONVERSION = YES;
				GCC_WARN_ABOUT_RETURN_TYPE = YES_ERROR;
				GCC_WARN_UNDECLARED_SELECTOR = YES;
				GCC_WARN_UNINITIALIZED_AUTOS = YES_AGGRESSIVE;
				GCC_WARN_UNUSED_FUNCTION = YES;
				GCC_WARN_UNUSED_VARIABLE = YES;
				IPHONEOS_DEPLOYMENT_TARGET = 11.3;
				MTL_ENABLE_DEBUG_INFO = NO;
				SDKROOT = iphoneos;
				SWIFT_COMPILATION_MODE = wholemodule;
				SWIFT_OPTIMIZATION_LEVEL = "-O";
				VALIDATE_PRODUCT = YES;
			};
			name = Release;
		};
		B3481CCF202AF0CA0097101C /* Debug */ = {
			isa = XCBuildConfiguration;
			baseConfigurationReference = 968C48DAB6DF32E71A2058F9 /* Pods-Liftr2.debug.xcconfig */;
			buildSettings = {
				ASSETCATALOG_COMPILER_APPICON_NAME = AppIcon;
				CLANG_USE_OPTIMIZATION_PROFILE = YES;
				CODE_SIGN_IDENTITY = "iPhone Developer";
				CODE_SIGN_STYLE = Automatic;
				DEVELOPMENT_TEAM = 3AKTB587G8;
				HEADER_SEARCH_PATHS = (
					"$(inherited)",
					"${PODS_ROOT}/Firebase/Core/Sources",
					"$(inherited)",
					"\"${PODS_ROOT}/Headers/Public\"",
					"\"${PODS_ROOT}/Headers/Public/Firebase\"",
					"\"${PODS_ROOT}/Headers/Public/FirebaseAnalytics\"",
					"\"${PODS_ROOT}/Headers/Public/FirebaseAuth\"",
					"\"${PODS_ROOT}/Headers/Public/FirebaseCore\"",
					"\"${PODS_ROOT}/Headers/Public/FirebaseInstanceID\"",
				);
				INFOPLIST_FILE = Liftr2/Info.plist;
				IPHONEOS_DEPLOYMENT_TARGET = 11.3;
				LD_RUNPATH_SEARCH_PATHS = (
					"$(inherited)",
					"@executable_path/Frameworks",
				);
				PRODUCT_BUNDLE_IDENTIFIER = Liftr.Liftr2;
				PRODUCT_NAME = "$(TARGET_NAME)";
				PROVISIONING_PROFILE_SPECIFIER = "";
				SWIFT_VERSION = 4.0;
				TARGETED_DEVICE_FAMILY = 1;
			};
			name = Debug;
		};
		B3481CD0202AF0CA0097101C /* Release */ = {
			isa = XCBuildConfiguration;
			baseConfigurationReference = 03EA55D8C8FCA310E2E746F6 /* Pods-Liftr2.release.xcconfig */;
			buildSettings = {
				ASSETCATALOG_COMPILER_APPICON_NAME = AppIcon;
				CLANG_USE_OPTIMIZATION_PROFILE = YES;
				CODE_SIGN_IDENTITY = "iPhone Developer";
				CODE_SIGN_STYLE = Automatic;
				DEVELOPMENT_TEAM = 3AKTB587G8;
				HEADER_SEARCH_PATHS = (
					"$(inherited)",
					"${PODS_ROOT}/Firebase/Core/Sources",
					"$(inherited)",
					"\"${PODS_ROOT}/Headers/Public\"",
					"\"${PODS_ROOT}/Headers/Public/Firebase\"",
					"\"${PODS_ROOT}/Headers/Public/FirebaseAnalytics\"",
					"\"${PODS_ROOT}/Headers/Public/FirebaseAuth\"",
					"\"${PODS_ROOT}/Headers/Public/FirebaseCore\"",
					"\"${PODS_ROOT}/Headers/Public/FirebaseInstanceID\"",
				);
				INFOPLIST_FILE = Liftr2/Info.plist;
				IPHONEOS_DEPLOYMENT_TARGET = 11.3;
				LD_RUNPATH_SEARCH_PATHS = (
					"$(inherited)",
					"@executable_path/Frameworks",
				);
				PRODUCT_BUNDLE_IDENTIFIER = Liftr.Liftr2;
				PRODUCT_NAME = "$(TARGET_NAME)";
				PROVISIONING_PROFILE_SPECIFIER = "";
				SWIFT_VERSION = 4.0;
				TARGETED_DEVICE_FAMILY = 1;
			};
			name = Release;
		};
		B3481CD2202AF0CA0097101C /* Debug */ = {
			isa = XCBuildConfiguration;
			baseConfigurationReference = DC25E6E89DC1A28D77016DB6 /* Pods-Liftr2Tests.debug.xcconfig */;
			buildSettings = {
				ALWAYS_EMBED_SWIFT_STANDARD_LIBRARIES = YES;
				BUNDLE_LOADER = "$(TEST_HOST)";
				CODE_SIGN_STYLE = Automatic;
				DEVELOPMENT_TEAM = 3AKTB587G8;
				INFOPLIST_FILE = Liftr2Tests/Info.plist;
				LD_RUNPATH_SEARCH_PATHS = (
					"$(inherited)",
					"@executable_path/Frameworks",
					"@loader_path/Frameworks",
				);
				PRODUCT_BUNDLE_IDENTIFIER = Liftr.Liftr2Tests;
				PRODUCT_NAME = "$(TARGET_NAME)";
				SWIFT_VERSION = 4.0;
				TARGETED_DEVICE_FAMILY = "1,2";
				TEST_HOST = "$(BUILT_PRODUCTS_DIR)/Liftr2.app/Liftr2";
			};
			name = Debug;
		};
		B3481CD3202AF0CA0097101C /* Release */ = {
			isa = XCBuildConfiguration;
			baseConfigurationReference = 6B3ACACF529E3BAC57CD50DB /* Pods-Liftr2Tests.release.xcconfig */;
			buildSettings = {
				ALWAYS_EMBED_SWIFT_STANDARD_LIBRARIES = YES;
				BUNDLE_LOADER = "$(TEST_HOST)";
				CODE_SIGN_STYLE = Automatic;
				DEVELOPMENT_TEAM = 3AKTB587G8;
				INFOPLIST_FILE = Liftr2Tests/Info.plist;
				LD_RUNPATH_SEARCH_PATHS = (
					"$(inherited)",
					"@executable_path/Frameworks",
					"@loader_path/Frameworks",
				);
				PRODUCT_BUNDLE_IDENTIFIER = Liftr.Liftr2Tests;
				PRODUCT_NAME = "$(TARGET_NAME)";
				SWIFT_VERSION = 4.0;
				TARGETED_DEVICE_FAMILY = "1,2";
				TEST_HOST = "$(BUILT_PRODUCTS_DIR)/Liftr2.app/Liftr2";
			};
			name = Release;
		};
		B3481CD5202AF0CA0097101C /* Debug */ = {
			isa = XCBuildConfiguration;
			baseConfigurationReference = 5F0294E65F31DF02D17BB51A /* Pods-Liftr2UITests.debug.xcconfig */;
			buildSettings = {
				ALWAYS_EMBED_SWIFT_STANDARD_LIBRARIES = YES;
				CODE_SIGN_STYLE = Automatic;
				DEVELOPMENT_TEAM = 3AKTB587G8;
				INFOPLIST_FILE = Liftr2UITests/Info.plist;
				LD_RUNPATH_SEARCH_PATHS = (
					"$(inherited)",
					"@executable_path/Frameworks",
					"@loader_path/Frameworks",
				);
				PRODUCT_BUNDLE_IDENTIFIER = Liftr.Liftr2UITests;
				PRODUCT_NAME = "$(TARGET_NAME)";
				SWIFT_VERSION = 4.0;
				TARGETED_DEVICE_FAMILY = "1,2";
				TEST_TARGET_NAME = Liftr2;
			};
			name = Debug;
		};
		B3481CD6202AF0CA0097101C /* Release */ = {
			isa = XCBuildConfiguration;
			baseConfigurationReference = 4846002CF0B5FEC3EABF421E /* Pods-Liftr2UITests.release.xcconfig */;
			buildSettings = {
				ALWAYS_EMBED_SWIFT_STANDARD_LIBRARIES = YES;
				CODE_SIGN_STYLE = Automatic;
				DEVELOPMENT_TEAM = 3AKTB587G8;
				INFOPLIST_FILE = Liftr2UITests/Info.plist;
				LD_RUNPATH_SEARCH_PATHS = (
					"$(inherited)",
					"@executable_path/Frameworks",
					"@loader_path/Frameworks",
				);
				PRODUCT_BUNDLE_IDENTIFIER = Liftr.Liftr2UITests;
				PRODUCT_NAME = "$(TARGET_NAME)";
				SWIFT_VERSION = 4.0;
				TARGETED_DEVICE_FAMILY = "1,2";
				TEST_TARGET_NAME = Liftr2;
			};
			name = Release;
		};
/* End XCBuildConfiguration section */

/* Begin XCConfigurationList section */
		B3481C9E202AF0C90097101C /* Build configuration list for PBXProject "Liftr2" */ = {
			isa = XCConfigurationList;
			buildConfigurations = (
				B3481CCC202AF0CA0097101C /* Debug */,
				B3481CCD202AF0CA0097101C /* Release */,
			);
			defaultConfigurationIsVisible = 0;
			defaultConfigurationName = Release;
		};
		B3481CCE202AF0CA0097101C /* Build configuration list for PBXNativeTarget "Liftr2" */ = {
			isa = XCConfigurationList;
			buildConfigurations = (
				B3481CCF202AF0CA0097101C /* Debug */,
				B3481CD0202AF0CA0097101C /* Release */,
			);
			defaultConfigurationIsVisible = 0;
			defaultConfigurationName = Release;
		};
		B3481CD1202AF0CA0097101C /* Build configuration list for PBXNativeTarget "Liftr2Tests" */ = {
			isa = XCConfigurationList;
			buildConfigurations = (
				B3481CD2202AF0CA0097101C /* Debug */,
				B3481CD3202AF0CA0097101C /* Release */,
			);
			defaultConfigurationIsVisible = 0;
			defaultConfigurationName = Release;
		};
		B3481CD4202AF0CA0097101C /* Build configuration list for PBXNativeTarget "Liftr2UITests" */ = {
			isa = XCConfigurationList;
			buildConfigurations = (
				B3481CD5202AF0CA0097101C /* Debug */,
				B3481CD6202AF0CA0097101C /* Release */,
			);
			defaultConfigurationIsVisible = 0;
			defaultConfigurationName = Release;
		};
/* End XCConfigurationList section */

/* Begin XCVersionGroup section */
		B3481CAD202AF0CA0097101C /* Liftr2.xcdatamodeld */ = {
			isa = XCVersionGroup;
			children = (
				B3481CAE202AF0CA0097101C /* Liftr2.xcdatamodel */,
			);
			currentVersion = B3481CAE202AF0CA0097101C /* Liftr2.xcdatamodel */;
			path = Liftr2.xcdatamodeld;
			sourceTree = "<group>";
			versionGroupType = wrapper.xcdatamodel;
		};
/* End XCVersionGroup section */
	};
	rootObject = B3481C9B202AF0C90097101C /* Project object */;
}
